
Microsoft Visual Studio Solution File, Format Version 12.00
# Visual Studio 14
VisualStudioVersion = 14.0.23107.0
MinimumVisualStudioVersion = 10.0.40219.1
Project("{2150E333-8FDC-42A3-9474-1A3956D46DE8}") = "Examples", "Examples", "{1E6819DC-8F91-43D9-8A34-B6E9AE4D5757}"
EndProject
Project("{FAE04EC0-301F-11D3-BF4B-00C04F79EFBC}") = "DeviceOAuth2", "DeviceOAuth2\DeviceOAuth2.csproj", "{13AA5158-E91A-416B-B021-CF483C578763}"
EndProject
Project("{FAE04EC0-301F-11D3-BF4B-00C04F79EFBC}") = "DeviceAuthConsole", "Examples\DeviceAuthConsole\DeviceAuthConsole.csproj", "{7ED3DA63-22EF-411C-B4B3-CAB9D4232988}"
EndProject
Project("{2150E333-8FDC-42A3-9474-1A3956D46DE8}") = "NuGet", "NuGet", "{8855B1CB-F863-4B3C-B283-F014D9A09F9F}"
EndProject
Project("{2150E333-8FDC-42A3-9474-1A3956D46DE8}") = "UnitTests", "UnitTests", "{3B4C6BAA-4EC7-4CB8-B020-A4F4CC3DE79F}"
EndProject
Project("{FAE04EC0-301F-11D3-BF4B-00C04F79EFBC}") = "DeviceOAuth2.NuGet", "NuGet\DeviceOAuth2.NuGet\DeviceOAuth2.NuGet.csproj", "{0451BAEF-DF2E-4B98-8644-94EE9415E389}"
EndProject
Project("{FAE04EC0-301F-11D3-BF4B-00C04F79EFBC}") = "IoT.DeviceOAuth", "IoT.DeviceOAuth\IoT.DeviceOAuth.csproj", "{43BCF742-4583-48E5-A2B9-D82B5DCAD433}"
EndProject
Project("{FAE04EC0-301F-11D3-BF4B-00C04F79EFBC}") = "DeviceOAuth2.UnitTests", "UnitTests\DeviceOAuth2.UnitTests\DeviceOAuth2.UnitTests.csproj", "{5773EED1-C81C-45C4-8FF9-6EE0E0433DBB}"
EndProject
Global
	GlobalSection(SolutionConfigurationPlatforms) = preSolution
		Debug|Any CPU = Debug|Any CPU
		Debug|ARM = Debug|ARM
		Debug|x64 = Debug|x64
		Debug|x86 = Debug|x86
		Release|Any CPU = Release|Any CPU
		Release|ARM = Release|ARM
		Release|x64 = Release|x64
		Release|x86 = Release|x86
	EndGlobalSection
	GlobalSection(ProjectConfigurationPlatforms) = postSolution
		{13AA5158-E91A-416B-B021-CF483C578763}.Debug|Any CPU.ActiveCfg = Debug|Any CPU
		{13AA5158-E91A-416B-B021-CF483C578763}.Debug|Any CPU.Build.0 = Debug|Any CPU
		{13AA5158-E91A-416B-B021-CF483C578763}.Debug|ARM.ActiveCfg = Debug|Any CPU
		{13AA5158-E91A-416B-B021-CF483C578763}.Debug|ARM.Build.0 = Debug|Any CPU
		{13AA5158-E91A-416B-B021-CF483C578763}.Debug|x64.ActiveCfg = Debug|Any CPU
		{13AA5158-E91A-416B-B021-CF483C578763}.Debug|x64.Build.0 = Debug|Any CPU
		{13AA5158-E91A-416B-B021-CF483C578763}.Debug|x86.ActiveCfg = Debug|Any CPU
		{13AA5158-E91A-416B-B021-CF483C578763}.Debug|x86.Build.0 = Debug|Any CPU
		{13AA5158-E91A-416B-B021-CF483C578763}.Release|Any CPU.ActiveCfg = Release|Any CPU
		{13AA5158-E91A-416B-B021-CF483C578763}.Release|Any CPU.Build.0 = Release|Any CPU
		{13AA5158-E91A-416B-B021-CF483C578763}.Release|ARM.ActiveCfg = Release|Any CPU
		{13AA5158-E91A-416B-B021-CF483C578763}.Release|ARM.Build.0 = Release|Any CPU
		{13AA5158-E91A-416B-B021-CF483C578763}.Release|x64.ActiveCfg = Release|Any CPU
		{13AA5158-E91A-416B-B021-CF483C578763}.Release|x64.Build.0 = Release|Any CPU
		{13AA5158-E91A-416B-B021-CF483C578763}.Release|x86.ActiveCfg = Release|Any CPU
		{13AA5158-E91A-416B-B021-CF483C578763}.Release|x86.Build.0 = Release|Any CPU
		{7ED3DA63-22EF-411C-B4B3-CAB9D4232988}.Debug|Any CPU.ActiveCfg = Debug|Any CPU
		{7ED3DA63-22EF-411C-B4B3-CAB9D4232988}.Debug|Any CPU.Build.0 = Debug|Any CPU
		{7ED3DA63-22EF-411C-B4B3-CAB9D4232988}.Debug|ARM.ActiveCfg = Debug|Any CPU
		{7ED3DA63-22EF-411C-B4B3-CAB9D4232988}.Debug|ARM.Build.0 = Debug|Any CPU
		{7ED3DA63-22EF-411C-B4B3-CAB9D4232988}.Debug|x64.ActiveCfg = Debug|Any CPU
		{7ED3DA63-22EF-411C-B4B3-CAB9D4232988}.Debug|x64.Build.0 = Debug|Any CPU
		{7ED3DA63-22EF-411C-B4B3-CAB9D4232988}.Debug|x86.ActiveCfg = Debug|Any CPU
		{7ED3DA63-22EF-411C-B4B3-CAB9D4232988}.Debug|x86.Build.0 = Debug|Any CPU
		{7ED3DA63-22EF-411C-B4B3-CAB9D4232988}.Release|Any CPU.ActiveCfg = Release|Any CPU
		{7ED3DA63-22EF-411C-B4B3-CAB9D4232988}.Release|Any CPU.Build.0 = Release|Any CPU
		{7ED3DA63-22EF-411C-B4B3-CAB9D4232988}.Release|ARM.ActiveCfg = Release|Any CPU
		{7ED3DA63-22EF-411C-B4B3-CAB9D4232988}.Release|ARM.Build.0 = Release|Any CPU
		{7ED3DA63-22EF-411C-B4B3-CAB9D4232988}.Release|x64.ActiveCfg = Release|Any CPU
		{7ED3DA63-22EF-411C-B4B3-CAB9D4232988}.Release|x64.Build.0 = Release|Any CPU
		{7ED3DA63-22EF-411C-B4B3-CAB9D4232988}.Release|x86.ActiveCfg = Release|Any CPU
		{7ED3DA63-22EF-411C-B4B3-CAB9D4232988}.Release|x86.Build.0 = Release|Any CPU
		{0451BAEF-DF2E-4B98-8644-94EE9415E389}.Debug|Any CPU.ActiveCfg = Debug|Any CPU
		{0451BAEF-DF2E-4B98-8644-94EE9415E389}.Debug|ARM.ActiveCfg = Debug|Any CPU
		{0451BAEF-DF2E-4B98-8644-94EE9415E389}.Debug|ARM.Build.0 = Debug|Any CPU
		{0451BAEF-DF2E-4B98-8644-94EE9415E389}.Debug|x64.ActiveCfg = Debug|Any CPU
		{0451BAEF-DF2E-4B98-8644-94EE9415E389}.Debug|x64.Build.0 = Debug|Any CPU
		{0451BAEF-DF2E-4B98-8644-94EE9415E389}.Debug|x86.ActiveCfg = Debug|Any CPU
		{0451BAEF-DF2E-4B98-8644-94EE9415E389}.Debug|x86.Build.0 = Debug|Any CPU
		{0451BAEF-DF2E-4B98-8644-94EE9415E389}.Release|Any CPU.ActiveCfg = Release|Any CPU
		{0451BAEF-DF2E-4B98-8644-94EE9415E389}.Release|ARM.ActiveCfg = Release|Any CPU
		{0451BAEF-DF2E-4B98-8644-94EE9415E389}.Release|ARM.Build.0 = Release|Any CPU
		{0451BAEF-DF2E-4B98-8644-94EE9415E389}.Release|x64.ActiveCfg = Release|Any CPU
		{0451BAEF-DF2E-4B98-8644-94EE9415E389}.Release|x64.Build.0 = Release|Any CPU
		{0451BAEF-DF2E-4B98-8644-94EE9415E389}.Release|x86.ActiveCfg = Release|Any CPU
		{43BCF742-4583-48E5-A2B9-D82B5DCAD433}.Debug|Any CPU.ActiveCfg = Debug|x86
		{43BCF742-4583-48E5-A2B9-D82B5DCAD433}.Debug|Any CPU.Build.0 = Debug|x86
		{43BCF742-4583-48E5-A2B9-D82B5DCAD433}.Debug|Any CPU.Deploy.0 = Debug|x86
		{43BCF742-4583-48E5-A2B9-D82B5DCAD433}.Debug|ARM.ActiveCfg = Debug|ARM
		{43BCF742-4583-48E5-A2B9-D82B5DCAD433}.Debug|ARM.Build.0 = Debug|ARM
		{43BCF742-4583-48E5-A2B9-D82B5DCAD433}.Debug|ARM.Deploy.0 = Debug|ARM
		{43BCF742-4583-48E5-A2B9-D82B5DCAD433}.Debug|x64.ActiveCfg = Debug|x64
		{43BCF742-4583-48E5-A2B9-D82B5DCAD433}.Debug|x64.Build.0 = Debug|x64
		{43BCF742-4583-48E5-A2B9-D82B5DCAD433}.Debug|x64.Deploy.0 = Debug|x64
		{43BCF742-4583-48E5-A2B9-D82B5DCAD433}.Debug|x86.ActiveCfg = Debug|x86
		{43BCF742-4583-48E5-A2B9-D82B5DCAD433}.Debug|x86.Build.0 = Debug|x86
		{43BCF742-4583-48E5-A2B9-D82B5DCAD433}.Debug|x86.Deploy.0 = Debug|x86
		{43BCF742-4583-48E5-A2B9-D82B5DCAD433}.Release|Any CPU.ActiveCfg = Release|x86
		{43BCF742-4583-48E5-A2B9-D82B5DCAD433}.Release|ARM.ActiveCfg = Release|ARM
		{43BCF742-4583-48E5-A2B9-D82B5DCAD433}.Release|ARM.Build.0 = Release|ARM
		{43BCF742-4583-48E5-A2B9-D82B5DCAD433}.Release|ARM.Deploy.0 = Release|ARM
		{43BCF742-4583-48E5-A2B9-D82B5DCAD433}.Release|x64.ActiveCfg = Release|x64
		{43BCF742-4583-48E5-A2B9-D82B5DCAD433}.Release|x64.Build.0 = Release|x64
		{43BCF742-4583-48E5-A2B9-D82B5DCAD433}.Release|x64.Deploy.0 = Release|x64
		{43BCF742-4583-48E5-A2B9-D82B5DCAD433}.Release|x86.ActiveCfg = Release|x86
		{43BCF742-4583-48E5-A2B9-D82B5DCAD433}.Release|x86.Build.0 = Release|x86
		{43BCF742-4583-48E5-A2B9-D82B5DCAD433}.Release|x86.Deploy.0 = Release|x86
		{5773EED1-C81C-45C4-8FF9-6EE0E0433DBB}.Debug|Any CPU.ActiveCfg = Debug|Any CPU
		{5773EED1-C81C-45C4-8FF9-6EE0E0433DBB}.Debug|Any CPU.Build.0 = Debug|Any CPU
		{5773EED1-C81C-45C4-8FF9-6EE0E0433DBB}.Debug|ARM.ActiveCfg = Debug|Any CPU
		{5773EED1-C81C-45C4-8FF9-6EE0E0433DBB}.Debug|ARM.Build.0 = Debug|Any CPU
		{5773EED1-C81C-45C4-8FF9-6EE0E0433DBB}.Debug|x64.ActiveCfg = Debug|Any CPU
		{5773EED1-C81C-45C4-8FF9-6EE0E0433DBB}.Debug|x64.Build.0 = Debug|Any CPU
		{5773EED1-C81C-45C4-8FF9-6EE0E0433DBB}.Debug|x86.ActiveCfg = Debug|Any CPU
		{5773EED1-C81C-45C4-8FF9-6EE0E0433DBB}.Debug|x86.Build.0 = Debug|Any CPU
		{5773EED1-C81C-45C4-8FF9-6EE0E0433DBB}.Release|Any CPU.ActiveCfg = Release|Any CPU
		{5773EED1-C81C-45C4-8FF9-6EE0E0433DBB}.Release|Any CPU.Build.0 = Release|Any CPU
		{5773EED1-C81C-45C4-8FF9-6EE0E0433DBB}.Release|ARM.ActiveCfg = Release|Any CPU
		{5773EED1-C81C-45C4-8FF9-6EE0E0433DBB}.Release|ARM.Build.0 = Release|Any CPU
		{5773EED1-C81C-45C4-8FF9-6EE0E0433DBB}.Release|x64.ActiveCfg = Release|Any CPU
		{5773EED1-C81C-45C4-8FF9-6EE0E0433DBB}.Release|x64.Build.0 = Release|Any CPU
		{5773EED1-C81C-45C4-8FF9-6EE0E0433DBB}.Release|x86.ActiveCfg = Release|Any CPU
		{5773EED1-C81C-45C4-8FF9-6EE0E0433DBB}.Release|x86.Build.0 = Release|Any CPU
	EndGlobalSection
	GlobalSection(SolutionProperties) = preSolution
		HideSolutionNode = FALSE
	EndGlobalSection
	GlobalSection(NestedProjects) = preSolution
		{7ED3DA63-22EF-411C-B4B3-CAB9D4232988} = {1E6819DC-8F91-43D9-8A34-B6E9AE4D5757}
		{0451BAEF-DF2E-4B98-8644-94EE9415E389} = {8855B1CB-F863-4B3C-B283-F014D9A09F9F}
		{43BCF742-4583-48E5-A2B9-D82B5DCAD433} = {1E6819DC-8F91-43D9-8A34-B6E9AE4D5757}
		{5773EED1-C81C-45C4-8FF9-6EE0E0433DBB} = {3B4C6BAA-4EC7-4CB8-B020-A4F4CC3DE79F}
	EndGlobalSection
EndGlobal
